
Microsoft Visual Studio Solution File, Format Version 12.00
# Visual Studio Version 17
VisualStudioVersion = 17.8.34309.116
MinimumVisualStudioVersion = 10.0.40219.1
Project("{2150E333-8FDC-42A3-9474-1A3956D46DE8}") = "src", "src", "{F1CAAA9F-D67A-438F-868A-8CB1E38FC3EB}"
EndProject
Project("{2150E333-8FDC-42A3-9474-1A3956D46DE8}") = "tests", "tests", "{18C8E8ED-7B8C-4F9C-A987-C636322F318E}"
EndProject
Project("{9A19103F-16F7-4668-BE54-9A1E7A4F7556}") = "Web", "src\Web\Web.csproj", "{D7481A46-D435-4CA9-A5B7-9F5BC32D7848}"
EndProject
Project("{9A19103F-16F7-4668-BE54-9A1E7A4F7556}") = "Infrastructure", "src\Infrastructure\Infrastructure.csproj", "{D289659E-1FEA-4CA6-8910-3F3A7A76459C}"
EndProject
Project("{9A19103F-16F7-4668-BE54-9A1E7A4F7556}") = "ApplicationCore", "src\ApplicationCore\ApplicationCore.csproj", "{E59E761F-B77C-4377-9FE1-A3157DF6A951}"
EndProject
Project("{9A19103F-16F7-4668-BE54-9A1E7A4F7556}") = "UnitTests", "tests\UnitTests\UnitTests.csproj", "{742DC37D-DE91-4500-8AC6-88F0F57C1933}"
EndProject
Project("{2150E333-8FDC-42A3-9474-1A3956D46DE8}") = "Solution Items", "Solution Items", "{F16B0244-B28E-4D0F-87E3-17E046E627AC}"
	ProjectSection(SolutionItems) = preProject
		README.md = README.md
	EndProjectSection
EndProject
Global
	GlobalSection(SolutionConfigurationPlatforms) = preSolution
		Debug|Any CPU = Debug|Any CPU
		Release|Any CPU = Release|Any CPU
	EndGlobalSection
	GlobalSection(ProjectConfigurationPlatforms) = postSolution
		{D7481A46-D435-4CA9-A5B7-9F5BC32D7848}.Debug|Any CPU.ActiveCfg = Debug|Any CPU
		{D7481A46-D435-4CA9-A5B7-9F5BC32D7848}.Debug|Any CPU.Build.0 = Debug|Any CPU
		{D7481A46-D435-4CA9-A5B7-9F5BC32D7848}.Release|Any CPU.ActiveCfg = Release|Any CPU
		{D7481A46-D435-4CA9-A5B7-9F5BC32D7848}.Release|Any CPU.Build.0 = Release|Any CPU
		{D289659E-1FEA-4CA6-8910-3F3A7A76459C}.Debug|Any CPU.ActiveCfg = Debug|Any CPU
		{D289659E-1FEA-4CA6-8910-3F3A7A76459C}.Debug|Any CPU.Build.0 = Debug|Any CPU
		{D289659E-1FEA-4CA6-8910-3F3A7A76459C}.Release|Any CPU.ActiveCfg = Release|Any CPU
		{D289659E-1FEA-4CA6-8910-3F3A7A76459C}.Release|Any CPU.Build.0 = Release|Any CPU
		{E59E761F-B77C-4377-9FE1-A3157DF6A951}.Debug|Any CPU.ActiveCfg = Debug|Any CPU
		{E59E761F-B77C-4377-9FE1-A3157DF6A951}.Debug|Any CPU.Build.0 = Debug|Any CPU
		{E59E761F-B77C-4377-9FE1-A3157DF6A951}.Release|Any CPU.ActiveCfg = Release|Any CPU
		{E59E761F-B77C-4377-9FE1-A3157DF6A951}.Release|Any CPU.Build.0 = Release|Any CPU
		{742DC37D-DE91-4500-8AC6-88F0F57C1933}.Debug|Any CPU.ActiveCfg = Debug|Any CPU
		{742DC37D-DE91-4500-8AC6-88F0F57C1933}.Debug|Any CPU.Build.0 = Debug|Any CPU
		{742DC37D-DE91-4500-8AC6-88F0F57C1933}.Release|Any CPU.ActiveCfg = Release|Any CPU
		{742DC37D-DE91-4500-8AC6-88F0F57C1933}.Release|Any CPU.Build.0 = Release|Any CPU
	EndGlobalSection
	GlobalSection(SolutionProperties) = preSolution
		HideSolutionNode = FALSE
	EndGlobalSection
	GlobalSection(NestedProjects) = preSolution
		{D7481A46-D435-4CA9-A5B7-9F5BC32D7848} = {F1CAAA9F-D67A-438F-868A-8CB1E38FC3EB}
		{D289659E-1FEA-4CA6-8910-3F3A7A76459C} = {F1CAAA9F-D67A-438F-868A-8CB1E38FC3EB}
		{E59E761F-B77C-4377-9FE1-A3157DF6A951} = {F1CAAA9F-D67A-438F-868A-8CB1E38FC3EB}
		{742DC37D-DE91-4500-8AC6-88F0F57C1933} = {18C8E8ED-7B8C-4F9C-A987-C636322F318E}
	EndGlobalSection
	GlobalSection(ExtensibilityGlobals) = postSolution
		SolutionGuid = {7EF6F8CE-0BBA-4AB1-AF27-1F4EB2E9667F}
	EndGlobalSection
EndGlobal
